
Microsoft Visual Studio Solution File, Format Version 12.00
Project("{FAE04EC0-301F-11D3-BF4B-00C04F79EFBC}") = "SlimBus", "SlimBus\SlimBus.csproj", "{DBC6225B-C559-4321-896A-D5DA95F72157}"
EndProject
Project("{FAE04EC0-301F-11D3-BF4B-00C04F79EFBC}") = "ConsoleTest", "ConsoleTest\ConsoleTest.csproj", "{E728A77B-A241-4FB4-8E15-873D65590224}"
EndProject
Global
	GlobalSection(SolutionConfigurationPlatforms) = preSolution
		Debug|Any CPU = Debug|Any CPU
		Release|Any CPU = Release|Any CPU
	EndGlobalSection
	GlobalSection(ProjectConfigurationPlatforms) = postSolution
		{DBC6225B-C559-4321-896A-D5DA95F72157}.Debug|Any CPU.ActiveCfg = Debug|Any CPU
		{DBC6225B-C559-4321-896A-D5DA95F72157}.Debug|Any CPU.Build.0 = Debug|Any CPU
		{DBC6225B-C559-4321-896A-D5DA95F72157}.Release|Any CPU.ActiveCfg = Release|Any CPU
		{DBC6225B-C559-4321-896A-D5DA95F72157}.Release|Any CPU.Build.0 = Release|Any CPU
		{E728A77B-A241-4FB4-8E15-873D65590224}.Debug|Any CPU.ActiveCfg = Debug|Any CPU
		{E728A77B-A241-4FB4-8E15-873D65590224}.Debug|Any CPU.Build.0 = Debug|Any CPU
		{E728A77B-A241-4FB4-8E15-873D65590224}.Release|Any CPU.ActiveCfg = Release|Any CPU
		{E728A77B-A241-4FB4-8E15-873D65590224}.Release|Any CPU.Build.0 = Release|Any CPU
	EndGlobalSection
EndGlobal
